
Microsoft Visual Studio Solution File, Format Version 12.00
# Visual Studio Version 17
VisualStudioVersion = 17.7.34024.191
MinimumVisualStudioVersion = 10.0.40219.1
Project("{FAE04EC0-301F-11D3-BF4B-00C04F79EFBC}") = "TravelAgencyFP", "TravelAgencyFP\TravelAgencyFP.csproj", "{A456D77C-BCF9-4D35-871B-AA06E317ADC7}"
EndProject
Global
	GlobalSection(SolutionConfigurationPlatforms) = preSolution
		Debug|Any CPU = Debug|Any CPU
		Release|Any CPU = Release|Any CPU
	EndGlobalSection
	GlobalSection(ProjectConfigurationPlatforms) = postSolution
		{A456D77C-BCF9-4D35-871B-AA06E317ADC7}.Debug|Any CPU.ActiveCfg = Debug|Any CPU
		{A456D77C-BCF9-4D35-871B-AA06E317ADC7}.Debug|Any CPU.Build.0 = Debug|Any CPU
		{A456D77C-BCF9-4D35-871B-AA06E317ADC7}.Release|Any CPU.ActiveCfg = Release|Any CPU
		{A456D77C-BCF9-4D35-871B-AA06E317ADC7}.Release|Any CPU.Build.0 = Release|Any CPU
	EndGlobalSection
	GlobalSection(SolutionProperties) = preSolution
		HideSolutionNode = FALSE
	EndGlobalSection
	GlobalSection(ExtensibilityGlobals) = postSolution
		SolutionGuid = {76E9C31B-51C6-467B-B8DD-FC6DF51D21AE}
	EndGlobalSection
EndGlobal
